PODS:
  - FBSnapshotTestCase (2.1.1):
    - FBSnapshotTestCase/SwiftSupport (= 2.1.1)
  - FBSnapshotTestCase/Core (2.1.1)
  - FBSnapshotTestCase/SwiftSupport (2.1.1):
    - FBSnapshotTestCase/Core
  - LionheartExtensions (1.7.3):
    - LionheartExtensions/Core (= 1.7.3)
  - LionheartExtensions/Core (1.7.3)
  - Nimble (3.0.0)
  - Nimble-Snapshots (4.1.0):
    - FBSnapshotTestCase (~> 2.0)
    - Nimble
    - Quick
  - Quick (0.8.0)

DEPENDENCIES:
  - FBSnapshotTestCase
  - LionheartExtensions (from `../`)
  - Nimble (~> 3.0.0)
  - Nimble-Snapshots
  - Quick (~> 0.8.0)

EXTERNAL SOURCES:
  LionheartExtensions:
    :path: "../"

SPEC CHECKSUMS:
  FBSnapshotTestCase: 432afd8d059ccef7f207225894840a03fbcf7474
  LionheartExtensions: 39e7675aad3d4c05c5fcdb369698a70784128fa5
  Nimble: 4c353d43735b38b545cbb4cb91504588eb5de926
  Nimble-Snapshots: 2da4d2ec829b458d6886c06812c52493fce284c9
  Quick: 563d0f6ec5f72e394645adb377708639b7dd38ab

PODFILE CHECKSUM: cc2349979d6d69353e503040d357e37b5ddda342

COCOAPODS: 1.0.1
