PODS:
  - FBSnapshotTestCase (2.1.4):
    - FBSnapshotTestCase/SwiftSupport (= 2.1.4)
  - FBSnapshotTestCase/Core (2.1.4)
  - FBSnapshotTestCase/SwiftSupport (2.1.4):
    - FBSnapshotTestCase/Core
  - LionheartExtensions (2.0.7):
    - LionheartExtensions/Core (= 2.0.7)
  - LionheartExtensions/Core (2.0.7)
  - Nimble (4.1.0)
  - Nimble-Snapshots (4.4.0):
    - Nimble-Snapshots/Core (= 4.4.0)
  - Nimble-Snapshots/Core (4.4.0):
    - FBSnapshotTestCase (~> 2.0)
    - Nimble
    - Quick
  - Quick (0.10.0)

DEPENDENCIES:
  - FBSnapshotTestCase
  - LionheartExtensions (from `../`)
  - Nimble (~> 4.0)
  - Nimble-Snapshots
  - Quick (~> 0.0)

EXTERNAL SOURCES:
  LionheartExtensions:
    :path: "../"

SPEC CHECKSUMS:
  FBSnapshotTestCase: 094f9f314decbabe373b87cc339bea235a63e07a
  LionheartExtensions: b51812913d9ddae9f9f8407962efa069fde90531
  Nimble: 97a0a4cae5124c117115634b2d055d8c97d0af19
  Nimble-Snapshots: e743439f26c2fa99d8f7e0d7c01c99bcb40aa6f2
  Quick: 5d290df1c69d5ee2f0729956dcf0fd9a30447eaa

PODFILE CHECKSUM: 1804165e3b5b74114231fb30a77499f28596c6f5

COCOAPODS: 1.1.0.rc.2
