PODS:
  - LionheartExtensions/Core (1.0.6)
  - Nimble (3.1.0)

DEPENDENCIES:
  - LionheartExtensions/Core (from `.`)
  - Nimble (~> 3.1.0)

EXTERNAL SOURCES:
  LionheartExtensions:
    :path: "."

SPEC CHECKSUMS:
  LionheartExtensions: e4186916d9ca3cf4031ed172946eab6f095e9c99
  Nimble: 79d40f4d69d47314229bbabacaa02b8838c779b9

COCOAPODS: 0.39.0
